
Microsoft Visual Studio Solution File, Format Version 12.00
# Visual Studio Version 17
VisualStudioVersion = 17.10.35027.167
MinimumVisualStudioVersion = 10.0.40219.1
Project("{FAE04EC0-301F-11D3-BF4B-00C04F79EFBC}") = "hangfire-jobs", "hangfire-jobs\hangfire-jobs.csproj", "{2EF6EFCA-0AE0-4177-94E4-8FDA8B52A6D4}"
EndProject
Project("{FAE04EC0-301F-11D3-BF4B-00C04F79EFBC}") = "hangfire-jobs-database", "hangfire-jobs-database\hangfire-jobs-database.csproj", "{A1BBFA95-CF9C-4F64-A3F3-BBD8A8A1A9F8}"
EndProject
Global
	GlobalSection(SolutionConfigurationPlatforms) = preSolution
		Debug|Any CPU = Debug|Any CPU
		Release|Any CPU = Release|Any CPU
	EndGlobalSection
	GlobalSection(ProjectConfigurationPlatforms) = postSolution
		{2EF6EFCA-0AE0-4177-94E4-8FDA8B52A6D4}.Debug|Any CPU.ActiveCfg = Debug|Any CPU
		{2EF6EFCA-0AE0-4177-94E4-8FDA8B52A6D4}.Debug|Any CPU.Build.0 = Debug|Any CPU
		{2EF6EFCA-0AE0-4177-94E4-8FDA8B52A6D4}.Release|Any CPU.ActiveCfg = Release|Any CPU
		{2EF6EFCA-0AE0-4177-94E4-8FDA8B52A6D4}.Release|Any CPU.Build.0 = Release|Any CPU
		{A1BBFA95-CF9C-4F64-A3F3-BBD8A8A1A9F8}.Debug|Any CPU.ActiveCfg = Debug|Any CPU
		{A1BBFA95-CF9C-4F64-A3F3-BBD8A8A1A9F8}.Debug|Any CPU.Build.0 = Debug|Any CPU
		{A1BBFA95-CF9C-4F64-A3F3-BBD8A8A1A9F8}.Release|Any CPU.ActiveCfg = Release|Any CPU
		{A1BBFA95-CF9C-4F64-A3F3-BBD8A8A1A9F8}.Release|Any CPU.Build.0 = Release|Any CPU
	EndGlobalSection
	GlobalSection(SolutionProperties) = preSolution
		HideSolutionNode = FALSE
	EndGlobalSection
	GlobalSection(ExtensibilityGlobals) = postSolution
		SolutionGuid = {02175AB5-32A3-42B6-A8BC-F24486A58A2F}
	EndGlobalSection
EndGlobal
